dependencies:
  espressif/esp-dsp:
    component_hash: fa7fe74305df6da25867437ebcd4213e047cbfc0556cf92067ab657fce537c6e
    source:
      service_url: https://api.components.espressif.com/
      type: service
    version: 1.5.2
  espressif/mdns:
    component_hash: af6306fe65d637a3683d1cf671508fcedd6b05f9ca029a8815abeab64001fb8d
    source:
      service_url: https://api.components.espressif.com/
      type: service
    version: 1.4.0
  idf:
    component_hash: null
    source:
      type: idf
    version: 5.2.0
manifest_hash: d6afca302c82ba741d7646c6fd9732decaa228e0fec4a118799cb506edc05cd5
target: esp32s3
version: 1.0.0
