dependencies:
  espressif/esp-dsp:
    component_hash: 8d9864049f97e4a1e7daafb4536b62b0878efa990a61048a91fab9b7c1b5b4cd
    source:
      service_url: https://api.components.espressif.com/
      type: service
    version: 1.4.11
  espressif/mdns:
    component_hash: d8ae7aa491ff97aea1d00d514a1de42cdbaaf1bce10df183968fa5594b904de7
    source:
      service_url: https://api.components.espressif.com/
      type: service
    version: 1.2.5
  idf:
    component_hash: null
    source:
      type: idf
    version: 5.2.0
manifest_hash: d6afca302c82ba741d7646c6fd9732decaa228e0fec4a118799cb506edc05cd5
target: esp32s3
version: 1.0.0
